{
  "name": "twitter-bot",
  "version": "1.0.0",
  "lockfileVersion": 1,
  "requires": true,
  "dependencies": {
    "dotenv": {
      "version": "16.0.3",
      "resolved": "https://registry.npmjs.org/dotenv/-/dotenv-16.0.3.tgz",
      "integrity": "sha512-7GO6HghkA5fYG9TYnNxi14/7K9f5occMlp3zXAuSxn7CKCxt9xbNWG7yF8hTCSUchlfWSe3uLmlPfigevRItzQ=="
    },
    "twitter-api-v2": {
      "version": "1.12.7",
      "resolved": "https://registry.npmjs.org/twitter-api-v2/-/twitter-api-v2-1.12.7.tgz",
      "integrity": "sha512-kz0/algmi49xejjrKoEJEpXCa1Y0d2MHHhjJZS55ORcqzs8RHxvLO1oWeJNvFz/o+FQW+sFCpmM/5DyYy+QBXw=="
    }
  }
}
